
Microsoft Visual Studio Solution File, Format Version 12.00
# Visual Studio Version 17
VisualStudioVersion = 17.6.33829.357
MinimumVisualStudioVersion = 10.0.40219.1
Project("{FAE04EC0-301F-11D3-BF4B-00C04F79EFBC}") = "Student Project", "Student Project.csproj", "{68DF95FB-8C43-46CF-B944-86AB38F07613}"
EndProject
Global
	GlobalSection(SolutionConfigurationPlatforms) = preSolution
		Debug|Any CPU = Debug|Any CPU
		Release|Any CPU = Release|Any CPU
	EndGlobalSection
	GlobalSection(ProjectConfigurationPlatforms) = postSolution
		{68DF95FB-8C43-46CF-B944-86AB38F07613}.Debug|Any CPU.ActiveCfg = Debug|Any CPU
		{68DF95FB-8C43-46CF-B944-86AB38F07613}.Debug|Any CPU.Build.0 = Debug|Any CPU
		{68DF95FB-8C43-46CF-B944-86AB38F07613}.Release|Any CPU.ActiveCfg = Release|Any CPU
		{68DF95FB-8C43-46CF-B944-86AB38F07613}.Release|Any CPU.Build.0 = Release|Any CPU
	EndGlobalSection
	GlobalSection(SolutionProperties) = preSolution
		HideSolutionNode = FALSE
	EndGlobalSection
	GlobalSection(ExtensibilityGlobals) = postSolution
		SolutionGuid = {9144F33A-44D9-48A6-8CBF-A9C5F964634F}
	EndGlobalSection
EndGlobal
